
Microsoft Visual Studio Solution File, Format Version 12.00
# Visual Studio Version 17
VisualStudioVersion = 17.7.34024.191
MinimumVisualStudioVersion = 10.0.40219.1
Project("{FAE04EC0-301F-11D3-BF4B-00C04F79EFBC}") = "Lab10Ex1", "Lab10Ex1\Lab10Ex1.csproj", "{03A22564-6FD3-4D85-AE50-42DE8C4CCB76}"
EndProject
Global
	GlobalSection(SolutionConfigurationPlatforms) = preSolution
		Debug|Any CPU = Debug|Any CPU
		Release|Any CPU = Release|Any CPU
	EndGlobalSection
	GlobalSection(ProjectConfigurationPlatforms) = postSolution
		{03A22564-6FD3-4D85-AE50-42DE8C4CCB76}.Debug|Any CPU.ActiveCfg = Debug|Any CPU
		{03A22564-6FD3-4D85-AE50-42DE8C4CCB76}.Debug|Any CPU.Build.0 = Debug|Any CPU
		{03A22564-6FD3-4D85-AE50-42DE8C4CCB76}.Release|Any CPU.ActiveCfg = Release|Any CPU
		{03A22564-6FD3-4D85-AE50-42DE8C4CCB76}.Release|Any CPU.Build.0 = Release|Any CPU
	EndGlobalSection
	GlobalSection(SolutionProperties) = preSolution
		HideSolutionNode = FALSE
	EndGlobalSection
	GlobalSection(ExtensibilityGlobals) = postSolution
		SolutionGuid = {C4291B0E-769A-45A9-ADD1-B188F88D1EB2}
	EndGlobalSection
EndGlobal
